
Microsoft Visual Studio Solution File, Format Version 12.00
# Visual Studio Version 16
VisualStudioVersion = 16.0.32630.194
MinimumVisualStudioVersion = 10.0.40219.1
Project("{FAE04EC0-301F-11D3-BF4B-00C04F79EFBC}") = "DEMOQLNT", "DEMOQLNT\DEMOQLNT.csproj", "{74AFDA11-3201-4B44-9ABD-5E9D5CEE827D}"
EndProject
Global
	GlobalSection(SolutionConfigurationPlatforms) = preSolution
		Debug|Any CPU = Debug|Any CPU
		Release|Any CPU = Release|Any CPU
	EndGlobalSection
	GlobalSection(ProjectConfigurationPlatforms) = postSolution
		{74AFDA11-3201-4B44-9ABD-5E9D5CEE827D}.Debug|Any CPU.ActiveCfg = Debug|Any CPU
		{74AFDA11-3201-4B44-9ABD-5E9D5CEE827D}.Debug|Any CPU.Build.0 = Debug|Any CPU
		{74AFDA11-3201-4B44-9ABD-5E9D5CEE827D}.Release|Any CPU.ActiveCfg = Release|Any CPU
		{74AFDA11-3201-4B44-9ABD-5E9D5CEE827D}.Release|Any CPU.Build.0 = Release|Any CPU
	EndGlobalSection
	GlobalSection(SolutionProperties) = preSolution
		HideSolutionNode = FALSE
	EndGlobalSection
	GlobalSection(ExtensibilityGlobals) = postSolution
		SolutionGuid = {FCF1A6E5-DE7B-4E46-9041-C34C5385EF1E}
	EndGlobalSection
EndGlobal
